<?xml version="1.0" encoding="utf-8"?>
<Project ToolsVersion="4.0" xmlns="http://schemas.microsoft.com/developer/msbuild/2003">
  <ItemGroup>
    <Filter Include="Source Files">
      <UniqueIdentifier>{b5d0dac7-1149-40ea-aa8f-f402c3265643}</UniqueIdentifier>
      <Extensions>cpp;c;cxx;rc;def;r;odl;idl;hpj;bat</Extensions>
    </Filter>
    <Filter Include="Header Files">
      <UniqueIdentifier>{73d9b892-7b86-4635-8145-7c9168ee6181}</UniqueIdentifier>
      <Extensions>h;hpp;hxx;hm;inl</Extensions>
    </Filter>
    <Filter Include="Resource Files">
      <UniqueIdentifier>{4a8c4138-1b54-420e-b68e-b04bcee39a5b}</UniqueIdentifier>
      <Extensions>ico;cur;bmp;dlg;rc2;rct;bin;rgs;gif;jpg;jpeg;jpe</Extensions>
    </Filter>
  </ItemGroup>
  <ItemGroup>
    <ClCompile Include="ATIDAQ\dom.c">
      <Filter>Source Files</Filter>
    </ClCompile>
    <ClCompile Include="ATIDAQ\expatls.c">
      <Filter>Source Files</Filter>
    </ClCompile>
    <ClCompile Include="ATIDAQ\ftconfig.c">
      <Filter>Source Files</Filter>
    </ClCompile>
    <ClCompile Include="ATIDAQ\ftrt.c">
      <Filter>Source Files</Filter>
    </ClCompile>
    <ClCompile Include="MainFrm.cpp">
      <Filter>Source Files</Filter>
    </ClCompile>
    <ClCompile Include="MDialogStartExperiment.cpp">
      <Filter>Source Files</Filter>
    </ClCompile>
    <ClCompile Include="ATIDAQ\node.c">
      <Filter>Source Files</Filter>
    </ClCompile>
    <ClCompile Include="Shaker Main Experiment.cpp">
      <Filter>Source Files</Filter>
    </ClCompile>
    <ClCompile Include="Shaker Main ExperimentDoc.cpp">
      <Filter>Source Files</Filter>
    </ClCompile>
    <ClCompile Include="Shaker Main ExperimentView.cpp">
      <Filter>Source Files</Filter>
    </ClCompile>
    <ClCompile Include="ATIDAQ\stack.c">
      <Filter>Source Files</Filter>
    </ClCompile>
    <ClCompile Include="StdAfx.cpp">
      <Filter>Source Files</Filter>
    </ClCompile>
    <ClCompile Include="ATIDAQ\xmlparse.c">
      <Filter>Source Files</Filter>
    </ClCompile>
    <ClCompile Include="ATIDAQ\xmlrole.c">
      <Filter>Source Files</Filter>
    </ClCompile>
    <ClCompile Include="ATIDAQ\xmltok.c">
      <Filter>Source Files</Filter>
    </ClCompile>
  </ItemGroup>
  <ItemGroup>
    <ResourceCompile Include="Shaker Main Experiment.rc">
      <Filter>Source Files</Filter>
    </ResourceCompile>
  </ItemGroup>
  <ItemGroup>
    <ClInclude Include="ft_sensor.h">
      <Filter>Header Files</Filter>
    </ClInclude>
    <ClInclude Include="MainFrm.h">
      <Filter>Header Files</Filter>
    </ClInclude>
    <ClInclude Include="MDialogStartExperiment.h">
      <Filter>Header Files</Filter>
    </ClInclude>
    <ClInclude Include="Resource.h">
      <Filter>Header Files</Filter>
    </ClInclude>
    <ClInclude Include="Shaker Main Experiment.h">
      <Filter>Header Files</Filter>
    </ClInclude>
    <ClInclude Include="Shaker Main ExperimentDoc.h">
      <Filter>Header Files</Filter>
    </ClInclude>
    <ClInclude Include="Shaker Main ExperimentView.h">
      <Filter>Header Files</Filter>
    </ClInclude>
    <ClInclude Include="shaker.h">
      <Filter>Header Files</Filter>
    </ClInclude>
    <ClInclude Include="StdAfx.h">
      <Filter>Header Files</Filter>
    </ClInclude>
  </ItemGroup>
  <ItemGroup>
    <None Include="res\Shaker Main Experiment.ico">
      <Filter>Resource Files</Filter>
    </None>
    <None Include="res\Shaker Main Experiment.rc2">
      <Filter>Resource Files</Filter>
    </None>
    <None Include="res\Shaker Main ExperimentDoc.ico">
      <Filter>Resource Files</Filter>
    </None>
    <None Include="res\Toolbar.bmp">
      <Filter>Resource Files</Filter>
    </None>
    <None Include="ReadMe.txt" />
  </ItemGroup>
</Project>